<?xml version="1.0" encoding="utf-8"?>
<Project ToolsVersion="4.0" xmlns="http://schemas.microsoft.com/developer/msbuild/2003">
  <ItemGroup>
    <Filter Include="リソース ファイル">
      <UniqueIdentifier>{67DA6AB6-F800-4c08-8B7A-83BB121AAD01}</UniqueIdentifier>
      <Extensions>rc;ico;cur;bmp;dlg;rc2;rct;bin;rgs;gif;jpg;jpeg;jpe;resx;tiff;tif;png;wav;mfcribbon-ms</Extensions>
    </Filter>
    <Filter Include="AliceLibrary">
      <UniqueIdentifier>{4FC737F1-C7A5-4376-A066-2A32D752A2FF}</UniqueIdentifier>
      <Extensions>cpp;c;cc;cxx;def;odl;idl;hpj;bat;asm;asmx</Extensions>
    </Filter>
    <Filter Include="AliceLibrary\include">
      <UniqueIdentifier>{edea839f-2371-44d8-8834-2d3b80103c9b}</UniqueIdentifier>
    </Filter>
    <Filter Include="AliceLibrary\source">
      <UniqueIdentifier>{26491152-88c9-4ced-aa34-b73e2dc0e0c5}</UniqueIdentifier>
    </Filter>
    <Filter Include="AliceLibrary\Shaders">
      <UniqueIdentifier>{93a37740-e1be-4160-aecb-69a1efff9e4d}</UniqueIdentifier>
    </Filter>
    <Filter Include="Source File">
      <UniqueIdentifier>{53812742-5e83-43ad-84b1-b458f4ae222e}</UniqueIdentifier>
    </Filter>
    <Filter Include="MCFLib">
      <UniqueIdentifier>{b58d3b38-e30e-4d79-b8be-26f04317b84e}</UniqueIdentifier>
    </Filter>
    <Filter Include="MCFLib\platform">
      <UniqueIdentifier>{96ee9e06-ee59-4106-809b-6445004bb19e}</UniqueIdentifier>
    </Filter>
    <Filter Include="MCFLib\platform\Windows">
      <UniqueIdentifier>{1ea6609d-ddd6-4ff2-ad66-f40d8cbe9b7b}</UniqueIdentifier>
    </Filter>
    <Filter Include="MCFLib\platform\Windows\DirectX">
      <UniqueIdentifier>{09c6c21e-765e-495c-a880-3138d8f74ad5}</UniqueIdentifier>
    </Filter>
  </ItemGroup>
  <ItemGroup>
    <None Include="packages.config" />
  </ItemGroup>
  <ItemGroup>
    <FxCompile Include="Assets\Shaders\Sprite.hlsl">
      <Filter>AliceLibrary\Shaders</Filter>
    </FxCompile>
  </ItemGroup>
  <ItemGroup>
    <ClCompile Include="AlLibrary\mcflibrary\platform\Windows\WinMain.cpp">
      <Filter>MCFLib\platform\Windows</Filter>
    </ClCompile>
    <ClCompile Include="AlLibrary\mcflibrary\platform\Windows\DirectX\BlendMode\DX11BlendMode.cpp">
      <Filter>MCFLib\platform\Windows\DirectX</Filter>
    </ClCompile>
    <ClCompile Include="AlLibrary\mcflibrary\platform\Windows\DirectX\Sprite\DXSprite.cpp">
      <Filter>MCFLib\platform\Windows\DirectX</Filter>
    </ClCompile>
    <ClCompile Include="AlLibrary\mcflibrary\platform\Windows\DirectX\DirectX11Manager.cpp">
      <Filter>MCFLib\platform\Windows\DirectX</Filter>
    </ClCompile>
    <ClCompile Include="AlLibrary\source\ApplicationBase.cpp">
      <Filter>Source File</Filter>
    </ClCompile>
    <ClCompile Include="AlLibrary\mcflibrary\mcfallib.cpp">
      <Filter>MCFLib</Filter>
    </ClCompile>
    <ClCompile Include="AlLibrary\mcflibrary\platform\Windows\DirectX\InputDevice\InputDevice.cpp">
      <Filter>MCFLib\platform\Windows\DirectX</Filter>
    </ClCompile>
  </ItemGroup>
  <ItemGroup>
    <ClInclude Include="AlLibrary\mcflibrary\platform\Windows\DirectX\BlendMode\DX11BlendMode.h">
      <Filter>MCFLib\platform\Windows\DirectX</Filter>
    </ClInclude>
    <ClInclude Include="AlLibrary\mcflibrary\platform\Windows\DirectX\Sprite\DXSprite.h">
      <Filter>MCFLib\platform\Windows\DirectX</Filter>
    </ClInclude>
    <ClInclude Include="AlLibrary\mcflibrary\platform\Windows\DirectX\DirectX11Manager.h">
      <Filter>MCFLib\platform\Windows\DirectX</Filter>
    </ClInclude>
    <ClInclude Include="AlLibrary\AlLibrary\include\AlDraw.h">
      <Filter>AliceLibrary\include</Filter>
    </ClInclude>
    <ClInclude Include="AlLibrary\AlLibrary\include\AlController.h">
      <Filter>AliceLibrary\include</Filter>
    </ClInclude>
    <ClInclude Include="AlLibrary\source\ApplicationBase.h">
      <Filter>Source File</Filter>
    </ClInclude>
    <ClInclude Include="AlLibrary\mcflibrary\mcfallib.h">
      <Filter>MCFLib</Filter>
    </ClInclude>
    <ClInclude Include="AlLibrary\mcflibrary\platform\Windows\DirectX\InputDevice\InputDevice.h">
      <Filter>MCFLib\platform\Windows\DirectX</Filter>
    </ClInclude>
    <ClInclude Include="AlLibrary\AlLibrary\include\AlGCButton.h">
      <Filter>AliceLibrary\include</Filter>
    </ClInclude>
  </ItemGroup>
</Project>