<?xml version="1.0" encoding="utf-8"?>
<Project ToolsVersion="4.0" xmlns="http://schemas.microsoft.com/developer/msbuild/2003">
  <ItemGroup>
    <Filter Include="リソース ファイル">
      <UniqueIdentifier>{67DA6AB6-F800-4c08-8B7A-83BB121AAD01}</UniqueIdentifier>
      <Extensions>rc;ico;cur;bmp;dlg;rc2;rct;bin;rgs;gif;jpg;jpeg;jpe;resx;tiff;tif;png;wav;mfcribbon-ms</Extensions>
    </Filter>
    <Filter Include="AliceLibrary">
      <UniqueIdentifier>{4FC737F1-C7A5-4376-A066-2A32D752A2FF}</UniqueIdentifier>
      <Extensions>cpp;c;cc;cxx;def;odl;idl;hpj;bat;asm;asmx</Extensions>
    </Filter>
    <Filter Include="AliceLibrary\include">
      <UniqueIdentifier>{edea839f-2371-44d8-8834-2d3b80103c9b}</UniqueIdentifier>
    </Filter>
    <Filter Include="AliceLibrary\source">
      <UniqueIdentifier>{26491152-88c9-4ced-aa34-b73e2dc0e0c5}</UniqueIdentifier>
    </Filter>
    <Filter Include="AliceLibrary\Shaders">
      <UniqueIdentifier>{93a37740-e1be-4160-aecb-69a1efff9e4d}</UniqueIdentifier>
    </Filter>
    <Filter Include="Source File">
      <UniqueIdentifier>{53812742-5e83-43ad-84b1-b458f4ae222e}</UniqueIdentifier>
    </Filter>
    <Filter Include="MCFLib">
      <UniqueIdentifier>{b58d3b38-e30e-4d79-b8be-26f04317b84e}</UniqueIdentifier>
    </Filter>
    <Filter Include="MCFLib\platform">
      <UniqueIdentifier>{96ee9e06-ee59-4106-809b-6445004bb19e}</UniqueIdentifier>
    </Filter>
    <Filter Include="MCFLib\platform\Windows">
      <UniqueIdentifier>{1ea6609d-ddd6-4ff2-ad66-f40d8cbe9b7b}</UniqueIdentifier>
    </Filter>
    <Filter Include="MCFLib\platform\Windows\DirectX">
      <UniqueIdentifier>{09c6c21e-765e-495c-a880-3138d8f74ad5}</UniqueIdentifier>
    </Filter>
    <Filter Include="MCFLib\platform\Windows\DirectX\Manager">
      <UniqueIdentifier>{a3f6f464-de5d-4d42-a518-54b1659d0210}</UniqueIdentifier>
    </Filter>
    <Filter Include="MCFLib\platform\Windows\DirectX\Sprite">
      <UniqueIdentifier>{2b3fd966-5970-4ee3-807c-5e870bd483ab}</UniqueIdentifier>
    </Filter>
    <Filter Include="MCFLib\platform\Windows\DirectX\Input">
      <UniqueIdentifier>{6b421de8-bee6-4d52-90fe-7236763d63d0}</UniqueIdentifier>
    </Filter>
    <Filter Include="Source File\ApplicationCode">
      <UniqueIdentifier>{847bbefa-328b-4f61-b84e-735967297508}</UniqueIdentifier>
    </Filter>
  </ItemGroup>
  <ItemGroup>
    <None Include="packages.config" />
  </ItemGroup>
  <ItemGroup>
    <ClCompile Include="mcflibrary\platform\Windows\DirectX\InputDevice\DXInput.cpp">
      <Filter>MCFLib\platform\Windows\DirectX\Input</Filter>
    </ClCompile>
    <ClCompile Include="mcflibrary\platform\Windows\DirectX\InputDevice\InputDevice.cpp">
      <Filter>MCFLib\platform\Windows\DirectX\Input</Filter>
    </ClCompile>
    <ClCompile Include="mcflibrary\platform\Windows\DirectX\InputDevice\KeyboardDevice.cpp">
      <Filter>MCFLib\platform\Windows\DirectX\Input</Filter>
    </ClCompile>
    <ClCompile Include="mcflibrary\platform\Windows\DirectX\InputDevice\MouseDevice.cpp">
      <Filter>MCFLib\platform\Windows\DirectX\Input</Filter>
    </ClCompile>
    <ClCompile Include="mcflibrary\platform\Windows\DirectX\DirectX11Manager.cpp">
      <Filter>MCFLib\platform\Windows\DirectX\Manager</Filter>
    </ClCompile>
    <ClCompile Include="mcflibrary\platform\Windows\DirectX\BlendMode\DX11BlendMode.cpp">
      <Filter>MCFLib\platform\Windows\DirectX\Sprite</Filter>
    </ClCompile>
    <ClCompile Include="mcflibrary\platform\Windows\DirectX\Sprite\DXSprite.cpp">
      <Filter>MCFLib\platform\Windows\DirectX\Sprite</Filter>
    </ClCompile>
    <ClCompile Include="mcflibrary\platform\Windows\PlWindows.cpp">
      <Filter>MCFLib\platform\Windows</Filter>
    </ClCompile>
    <ClCompile Include="mcflibrary\platform\Windows\WinMain.cpp">
      <Filter>MCFLib\platform\Windows</Filter>
    </ClCompile>
    <ClCompile Include="mcflibrary\platform\Platform.cpp">
      <Filter>MCFLib\platform</Filter>
    </ClCompile>
    <ClCompile Include="mcflibrary\mcfallib.cpp">
      <Filter>MCFLib</Filter>
    </ClCompile>
    <ClCompile Include="source\ApplicationBase.cpp">
      <Filter>Source File</Filter>
    </ClCompile>
    <ClCompile Include="source\Application\ApplicationMain.cpp">
      <Filter>Source File\ApplicationCode</Filter>
    </ClCompile>
  </ItemGroup>
  <ItemGroup>
    <ClInclude Include="AlLibrary\include\AlController.h">
      <Filter>AliceLibrary\include</Filter>
    </ClInclude>
    <ClInclude Include="AlLibrary\include\AlDraw.h">
      <Filter>AliceLibrary\include</Filter>
    </ClInclude>
    <ClInclude Include="mcflibrary\platform\Windows\DirectX\InputDevice\ButtonSetEnum.h">
      <Filter>MCFLib\platform\Windows\DirectX\Input</Filter>
    </ClInclude>
    <ClInclude Include="mcflibrary\platform\Windows\DirectX\InputDevice\DXInput.h">
      <Filter>MCFLib\platform\Windows\DirectX\Input</Filter>
    </ClInclude>
    <ClInclude Include="mcflibrary\platform\Windows\DirectX\InputDevice\InputDevice.h">
      <Filter>MCFLib\platform\Windows\DirectX\Input</Filter>
    </ClInclude>
    <ClInclude Include="mcflibrary\platform\Windows\DirectX\InputDevice\KeyboardDevice.h">
      <Filter>MCFLib\platform\Windows\DirectX\Input</Filter>
    </ClInclude>
    <ClInclude Include="mcflibrary\platform\Windows\DirectX\InputDevice\MouseDevice.h">
      <Filter>MCFLib\platform\Windows\DirectX\Input</Filter>
    </ClInclude>
    <ClInclude Include="mcflibrary\platform\Windows\DirectX\DirectX11Manager.h">
      <Filter>MCFLib\platform\Windows\DirectX\Manager</Filter>
    </ClInclude>
    <ClInclude Include="mcflibrary\platform\Windows\DirectX\BlendMode\DX11BlendMode.h">
      <Filter>MCFLib\platform\Windows\DirectX\Sprite</Filter>
    </ClInclude>
    <ClInclude Include="mcflibrary\platform\Windows\DirectX\Sprite\DXSprite.h">
      <Filter>MCFLib\platform\Windows\DirectX\Sprite</Filter>
    </ClInclude>
    <ClInclude Include="mcflibrary\platform\Windows\PlWindows.h">
      <Filter>MCFLib\platform\Windows</Filter>
    </ClInclude>
    <ClInclude Include="mcflibrary\platform\Platform.h">
      <Filter>MCFLib\platform</Filter>
    </ClInclude>
    <ClInclude Include="mcflibrary\mcfallib.h">
      <Filter>MCFLib</Filter>
    </ClInclude>
    <ClInclude Include="source\ApplicationBase.h">
      <Filter>Source File</Filter>
    </ClInclude>
    <ClInclude Include="source\Application\ApplicationMain.h">
      <Filter>Source File\ApplicationCode</Filter>
    </ClInclude>
  </ItemGroup>
  <ItemGroup>
    <FxCompile Include="Assets\Shaders\Sprite.hlsl">
      <Filter>AliceLibrary\Shaders</Filter>
    </FxCompile>
  </ItemGroup>
</Project>