<?xml version="1.0" encoding="utf-8"?>
<Project ToolsVersion="4.0" xmlns="http://schemas.microsoft.com/developer/msbuild/2003">
  <ItemGroup>
    <Filter Include="リソース ファイル">
      <UniqueIdentifier>{67DA6AB6-F800-4c08-8B7A-83BB121AAD01}</UniqueIdentifier>
      <Extensions>rc;ico;cur;bmp;dlg;rc2;rct;bin;rgs;gif;jpg;jpeg;jpe;resx;tiff;tif;png;wav;mfcribbon-ms</Extensions>
    </Filter>
    <Filter Include="AliceLibrary">
      <UniqueIdentifier>{4FC737F1-C7A5-4376-A066-2A32D752A2FF}</UniqueIdentifier>
      <Extensions>cpp;c;cc;cxx;def;odl;idl;hpj;bat;asm;asmx</Extensions>
    </Filter>
    <Filter Include="AliceLibrary\Windows">
      <UniqueIdentifier>{98ed5714-d5c1-478c-918b-87996baa9a9a}</UniqueIdentifier>
    </Filter>
    <Filter Include="AliceLibrary\Windows\DirectX">
      <UniqueIdentifier>{5730eb5e-8fa7-4747-9391-ea23026d0e3c}</UniqueIdentifier>
    </Filter>
    <Filter Include="AliceLibrary\Windows\DXSprite">
      <UniqueIdentifier>{6019bc38-7418-4d9d-a252-336644e2964c}</UniqueIdentifier>
    </Filter>
    <Filter Include="AliceLibrary\SpriteBase">
      <UniqueIdentifier>{a561206a-bde9-4345-bd5c-f29afc5ef982}</UniqueIdentifier>
    </Filter>
    <Filter Include="Shaders">
      <UniqueIdentifier>{93a37740-e1be-4160-aecb-69a1efff9e4d}</UniqueIdentifier>
    </Filter>
  </ItemGroup>
  <ItemGroup>
    <ClCompile Include="source\ApplicationMain\Windows\DirectX11Manager.cpp">
      <Filter>AliceLibrary\Windows\DirectX</Filter>
    </ClCompile>
    <ClCompile Include="source\ApplicationMain\Windows\WinMain.cpp">
      <Filter>AliceLibrary\Windows</Filter>
    </ClCompile>
    <ClCompile Include="source\SpriteBase\SpriteBase.cpp">
      <Filter>AliceLibrary\SpriteBase</Filter>
    </ClCompile>
    <ClCompile Include="source\ApplicationMain\Windows\Sprite\DXSprite.cpp">
      <Filter>AliceLibrary\Windows\DXSprite</Filter>
    </ClCompile>
    <ClCompile Include="source\ApplicationMain\Windows\BlendMode\DX11BlendMode.cpp">
      <Filter>AliceLibrary\Windows\DirectX</Filter>
    </ClCompile>
  </ItemGroup>
  <ItemGroup>
    <ClInclude Include="source\ApplicationMain\Windows\DirectX11Manager.h">
      <Filter>AliceLibrary\Windows\DirectX</Filter>
    </ClInclude>
    <ClInclude Include="source\ApplicationMain\Windows\Defs.h">
      <Filter>AliceLibrary\Windows</Filter>
    </ClInclude>
    <ClInclude Include="source\SpriteBase\SpriteBase.h">
      <Filter>AliceLibrary\SpriteBase</Filter>
    </ClInclude>
    <ClInclude Include="source\ApplicationMain\Windows\Sprite\DXSprite.h">
      <Filter>AliceLibrary\Windows\DXSprite</Filter>
    </ClInclude>
    <ClInclude Include="source\ApplicationMain\Windows\BlendMode\DX11BlendMode.h">
      <Filter>AliceLibrary\Windows\DirectX</Filter>
    </ClInclude>
  </ItemGroup>
  <ItemGroup>
    <None Include="packages.config" />
  </ItemGroup>
  <ItemGroup>
    <FxCompile Include="Assets\Shaders\2DPipeLine.hlsl">
      <Filter>Shaders</Filter>
    </FxCompile>
    <FxCompile Include="Assets\Shaders\2DPipeLine1.hlsl">
      <Filter>Shaders</Filter>
    </FxCompile>
  </ItemGroup>
</Project>